
Microsoft Visual Studio Solution File, Format Version 12.00
# Visual Studio Version 17
VisualStudioVersion = 17.3.32922.545
MinimumVisualStudioVersion = 10.0.40219.1
Project("{FAE04EC0-301F-11D3-BF4B-00C04F79EFBC}") = "ASPEvidence", "ASPEvidence\ASPEvidence.csproj", "{928067E1-E8B5-4D82-82A8-512E2722CE62}"
EndProject
Global
	GlobalSection(SolutionConfigurationPlatforms) = preSolution
		Debug|Any CPU = Debug|Any CPU
		Release|Any CPU = Release|Any CPU
	EndGlobalSection
	GlobalSection(ProjectConfigurationPlatforms) = postSolution
		{928067E1-E8B5-4D82-82A8-512E2722CE62}.Debug|Any CPU.ActiveCfg = Debug|Any CPU
		{928067E1-E8B5-4D82-82A8-512E2722CE62}.Debug|Any CPU.Build.0 = Debug|Any CPU
		{928067E1-E8B5-4D82-82A8-512E2722CE62}.Release|Any CPU.ActiveCfg = Release|Any CPU
		{928067E1-E8B5-4D82-82A8-512E2722CE62}.Release|Any CPU.Build.0 = Release|Any CPU
	EndGlobalSection
	GlobalSection(SolutionProperties) = preSolution
		HideSolutionNode = FALSE
	EndGlobalSection
	GlobalSection(ExtensibilityGlobals) = postSolution
		SolutionGuid = {62C13649-CEC2-41BF-AFDB-BB3744FE373E}
	EndGlobalSection
EndGlobal
